// !$*UTF8*$!
{
	archiveVersion = 1;
	classes = {
	};
	objectVersion = 50;
	objects = {

/* Begin PBXBuildFile section */
		AAE940854BDA5E130AB51DB6 /* Pods_AFNetworkingTest.framework in Frameworks */ = {isa = PBXBuildFile; fileRef = 67D9040B9484A86421206219 /* Pods_AFNetworkingTest.framework */; };
		E23CCEDC20D0BBEB0021AB37 /* AppDelegate.m in Sources */ = {isa = PBXBuildFile; fileRef = E23CCEDB20D0BBEB0021AB37 /* AppDelegate.m */; };
		E23CCEDF20D0BBEB0021AB37 /* ViewController.m in Sources */ = {isa = PBXBuildFile; fileRef = E23CCEDE20D0BBEB0021AB37 /* ViewController.m */; };
		E23CCEE120D0BBED0021AB37 /* Assets.xcassets in Resources */ = {isa = PBXBuildFile; fileRef = E23CCEE020D0BBED0021AB37 /* Assets.xcassets */; };
		E23CCEE420D0BBED0021AB37 /* Main.storyboard in Resources */ = {isa = PBXBuildFile; fileRef = E23CCEE220D0BBED0021AB37 /* Main.storyboard */; };
		E23CCEE720D0BBED0021AB37 /* main.m in Sources */ = {isa = PBXBuildFile; fileRef = E23CCEE620D0BBED0021AB37 /* main.m */; };
		E276C75C20E328380023B696 /* AFHTTPSessionManager+SharedManager.m in Sources */ = {isa = PBXBuildFile; fileRef = E276C75B20E328370023B696 /* AFHTTPSessionManager+SharedManager.m */; };
/* End PBXBuildFile section */

/* Begin PBXFileReference section */
		67D9040B9484A86421206219 /* Pods_AFNetworkingTest.framework */ = {isa = PBXFileReference; explicitFileType = wrapper.framework; includeInIndex = 0; path = Pods_AFNetworkingTest.framework; sourceTree = BUILT_PRODUCTS_DIR; };
		8F1F7ECFB251DCE010D370E6 /* Pods-AFNetworkingTest.debug.xcconfig */ = {isa = PBXFileReference; includeInIndex = 1; lastKnownFileType = text.xcconfig; name = "Pods-AFNetworkingTest.debug.xcconfig"; path = "Pods/Target Support Files/Pods-AFNetworkingTest/Pods-AFNetworkingTest.debug.xcconfig"; sourceTree = "<group>"; };
		B09518FE25B542F94F0BBE7C /* Pods-AFNetworkingTest.release.xcconfig */ = {isa = PBXFileReference; includeInIndex = 1; lastKnownFileType = text.xcconfig; name = "Pods-AFNetworkingTest.release.xcconfig"; path = "Pods/Target Support Files/Pods-AFNetworkingTest/Pods-AFNetworkingTest.release.xcconfig"; sourceTree = "<group>"; };
		E23CCED720D0BBEB0021AB37 /* AFNetworkingTest.app */ = {isa = PBXFileReference; explicitFileType = wrapper.application; includeInIndex = 0; path = AFNetworkingTest.app; sourceTree = BUILT_PRODUCTS_DIR; };
		E23CCEDA20D0BBEB0021AB37 /* AppDelegate.h */ = {isa = PBXFileReference; lastKnownFileType = sourcecode.c.h; path = AppDelegate.h; sourceTree = "<group>"; };
		E23CCEDB20D0BBEB0021AB37 /* AppDelegate.m */ = {isa = PBXFileReference; lastKnownFileType = sourcecode.c.objc; path = AppDelegate.m; sourceTree = "<group>"; };
		E23CCEDD20D0BBEB0021AB37 /* ViewController.h */ = {isa = PBXFileReference; lastKnownFileType = sourcecode.c.h; path = ViewController.h; sourceTree = "<group>"; };
		E23CCEDE20D0BBEB0021AB37 /* ViewController.m */ = {isa = PBXFileReference; lastKnownFileType = sourcecode.c.objc; path = ViewController.m; sourceTree = "<group>"; };
		E23CCEE020D0BBED0021AB37 /* Assets.xcassets */ = {isa = PBXFileReference; lastKnownFileType = folder.assetcatalog; path = Assets.xcassets; sourceTree = "<group>"; };
		E23CCEE320D0BBED0021AB37 /* Base */ = {isa = PBXFileReference; lastKnownFileType = file.storyboard; name = Base; path = Base.lproj/Main.storyboard; sourceTree = "<group>"; };
		E23CCEE520D0BBED0021AB37 /* Info.plist */ = {isa = PBXFileReference; lastKnownFileType = text.plist.xml; path = Info.plist; sourceTree = "<group>"; };
		E23CCEE620D0BBED0021AB37 /* main.m */ = {isa = PBXFileReference; lastKnownFileType = sourcecode.c.objc; path = main.m; sourceTree = "<group>"; };
		E23CCEE820D0BBED0021AB37 /* AFNetworkingTest.entitlements */ = {isa = PBXFileReference; lastKnownFileType = text.plist.entitlements; path = AFNetworkingTest.entitlements; sourceTree = "<group>"; };
		E276C75A20E328370023B696 /* AFHTTPSessionManager+SharedManager.h */ = {isa = PBXFileReference; lastKnownFileType = sourcecode.c.h; path = "AFHTTPSessionManager+SharedManager.h"; sourceTree = "<group>"; };
		E276C75B20E328370023B696 /* AFHTTPSessionManager+SharedManager.m */ = {isa = PBXFileReference; lastKnownFileType = sourcecode.c.objc; path = "AFHTTPSessionManager+SharedManager.m"; sourceTree = "<group>"; };
/* End PBXFileReference section */

/* Begin PBXFrameworksBuildPhase section */
		E23CCED420D0BBEB0021AB37 /* Frameworks */ = {
			isa = PBXFrameworksBuildPhase;
			buildActionMask = 2147483647;
			files = (
				AAE940854BDA5E130AB51DB6 /* Pods_AFNetworkingTest.framework in Frameworks */,
			);
			runOnlyForDeploymentPostprocessing = 0;
		};
/* End PBXFrameworksBuildPhase section */

/* Begin PBXGroup section */
		1881CE677198D3BD5F25AE1C /* Pods */ = {
			isa = PBXGroup;
			children = (
				8F1F7ECFB251DCE010D370E6 /* Pods-AFNetworkingTest.debug.xcconfig */,
				B09518FE25B542F94F0BBE7C /* Pods-AFNetworkingTest.release.xcconfig */,
			);
			name = Pods;
			sourceTree = "<group>";
		};
		E23CCECE20D0BBEB0021AB37 = {
			isa = PBXGroup;
			children = (
				E23CCED920D0BBEB0021AB37 /* AFNetworkingTest */,
				E23CCED820D0BBEB0021AB37 /* Products */,
				1881CE677198D3BD5F25AE1C /* Pods */,
				E6851181C48F19C1AA84B977 /* Frameworks */,
			);
			sourceTree = "<group>";
		};
		E23CCED820D0BBEB0021AB37 /* Products */ = {
			isa = PBXGroup;
			children = (
				E23CCED720D0BBEB0021AB37 /* AFNetworkingTest.app */,
			);
			name = Products;
			sourceTree = "<group>";
		};
		E23CCED920D0BBEB0021AB37 /* AFNetworkingTest */ = {
			isa = PBXGroup;
			children = (
				E23CCEDA20D0BBEB0021AB37 /* AppDelegate.h */,
				E23CCEDB20D0BBEB0021AB37 /* AppDelegate.m */,
				E23CCEDD20D0BBEB0021AB37 /* ViewController.h */,
				E23CCEDE20D0BBEB0021AB37 /* ViewController.m */,
				E276C75A20E328370023B696 /* AFHTTPSessionManager+SharedManager.h */,
				E276C75B20E328370023B696 /* AFHTTPSessionManager+SharedManager.m */,
				E23CCEE020D0BBED0021AB37 /* Assets.xcassets */,
				E23CCEE220D0BBED0021AB37 /* Main.storyboard */,
				E23CCEE520D0BBED0021AB37 /* Info.plist */,
				E23CCEE620D0BBED0021AB37 /* main.m */,
				E23CCEE820D0BBED0021AB37 /* AFNetworkingTest.entitlements */,
			);
			path = AFNetworkingTest;
			sourceTree = "<group>";
		};
		E6851181C48F19C1AA84B977 /* Frameworks */ = {
			isa = PBXGroup;
			children = (
				67D9040B9484A86421206219 /* Pods_AFNetworkingTest.framework */,
			);
			name = Frameworks;
			sourceTree = "<group>";
		};
/* End PBXGroup section */

/* Begin PBXNativeTarget section */
		E23CCED620D0BBEB0021AB37 /* AFNetworkingTest */ = {
			isa = PBXNativeTarget;
			buildConfigurationList = E23CCEEB20D0BBED0021AB37 /* Build configuration list for PBXNativeTarget "AFNetworkingTest" */;
			buildPhases = (
				07A892F80FFACC33F23491FE /* [CP] Check Pods Manifest.lock */,
				E23CCED320D0BBEB0021AB37 /* Sources */,
				E23CCED420D0BBEB0021AB37 /* Frameworks */,
				E23CCED520D0BBEB0021AB37 /* Resources */,
				863B0B7EBFB1513ED0EFAA63 /* [CP] Embed Pods Frameworks */,
			);
			buildRules = (
			);
			dependencies = (
			);
			name = AFNetworkingTest;
			productName = AFNetworkingTest;
			productReference = E23CCED720D0BBEB0021AB37 /* AFNetworkingTest.app */;
			productType = "com.apple.product-type.application";
		};
/* End PBXNativeTarget section */

/* Begin PBXProject section */
		E23CCECF20D0BBEB0021AB37 /* Project object */ = {
			isa = PBXProject;
			attributes = {
				LastUpgradeCheck = 0940;
				ORGANIZATIONNAME = Alonso;
				TargetAttributes = {
					E23CCED620D0BBEB0021AB37 = {
						CreatedOnToolsVersion = 9.4;
					};
				};
			};
			buildConfigurationList = E23CCED220D0BBEB0021AB37 /* Build configuration list for PBXProject "AFNetworkingTest" */;
			compatibilityVersion = "Xcode 9.3";
			developmentRegion = en;
			hasScannedForEncodings = 0;
			knownRegions = (
				en,
				Base,
			);
			mainGroup = E23CCECE20D0BBEB0021AB37;
			productRefGroup = E23CCED820D0BBEB0021AB37 /* Products */;
			projectDirPath = "";
			projectRoot = "";
			targets = (
				E23CCED620D0BBEB0021AB37 /* AFNetworkingTest */,
			);
		};
/* End PBXProject section */

/* Begin PBXResourcesBuildPhase section */
		E23CCED520D0BBEB0021AB37 /* Resources */ = {
			isa = PBXResourcesBuildPhase;
			buildActionMask = 2147483647;
			files = (
				E23CCEE120D0BBED0021AB37 /* Assets.xcassets in Resources */,
				E23CCEE420D0BBED0021AB37 /* Main.storyboard in Resources */,
			);
			runOnlyForDeploymentPostprocessing = 0;
		};
/* End PBXResourcesBuildPhase section */

/* Begin PBXShellScriptBuildPhase section */
		07A892F80FFACC33F23491FE /* [CP] Check Pods Manifest.lock */ = {
			isa = PBXShellScriptBuildPhase;
			buildActionMask = 2147483647;
			files = (
			);
			inputPaths = (
				"${PODS_PODFILE_DIR_PATH}/Podfile.lock",
				"${PODS_ROOT}/Manifest.lock",
			);
			name = "[CP] Check Pods Manifest.lock";
			outputPaths = (
				"$(DERIVED_FILE_DIR)/Pods-AFNetworkingTest-checkManifestLockResult.txt",
			);
			runOnlyForDeploymentPostprocessing = 0;
			shellPath = /bin/sh;
			shellScript = "diff \"${PODS_PODFILE_DIR_PATH}/Podfile.lock\" \"${PODS_ROOT}/Manifest.lock\" > /dev/null\nif [ $? != 0 ] ; then\n    # print error to STDERR\n    echo \"error: The sandbox is not in sync with the Podfile.lock. Run 'pod install' or update your CocoaPods installation.\" >&2\n    exit 1\nfi\n# This output is used by Xcode 'outputs' to avoid re-running this script phase.\necho \"SUCCESS\" > \"${SCRIPT_OUTPUT_FILE_0}\"\n";
			showEnvVarsInLog = 0;
		};
		863B0B7EBFB1513ED0EFAA63 /* [CP] Embed Pods Frameworks */ = {
			isa = PBXShellScriptBuildPhase;
			buildActionMask = 2147483647;
			files = (
			);
			inputPaths = (
				"${SRCROOT}/Pods/Target Support Files/Pods-AFNetworkingTest/Pods-AFNetworkingTest-frameworks.sh",
				"${BUILT_PRODUCTS_DIR}/AFNetworking/AFNetworking.framework",
			);
			name = "[CP] Embed Pods Frameworks";
			outputPaths = (
				"${TARGET_BUILD_DIR}/${FRAMEWORKS_FOLDER_PATH}/AFNetworking.framework",
			);
			runOnlyForDeploymentPostprocessing = 0;
			shellPath = /bin/sh;
			shellScript = "\"${SRCROOT}/Pods/Target Support Files/Pods-AFNetworkingTest/Pods-AFNetworkingTest-frameworks.sh\"\n";
			showEnvVarsInLog = 0;
		};
/* End PBXShellScriptBuildPhase section */

/* Begin PBXSourcesBuildPhase section */
		E23CCED320D0BBEB0021AB37 /* Sources */ = {
			isa = PBXSourcesBuildPhase;
			buildActionMask = 2147483647;
			files = (
				E23CCEDF20D0BBEB0021AB37 /* ViewController.m in Sources */,
				E23CCEE720D0BBED0021AB37 /* main.m in Sources */,
				E276C75C20E328380023B696 /* AFHTTPSessionManager+SharedManager.m in Sources */,
				E23CCEDC20D0BBEB0021AB37 /* AppDelegate.m in Sources */,
			);
			runOnlyForDeploymentPostprocessing = 0;
		};
/* End PBXSourcesBuildPhase section */

/* Begin PBXVariantGroup section */
		E23CCEE220D0BBED0021AB37 /* Main.storyboard */ = {
			isa = PBXVariantGroup;
			children = (
				E23CCEE320D0BBED0021AB37 /* Base */,
			);
			name = Main.storyboard;
			sourceTree = "<group>";
		};
/* End PBXVariantGroup section */

/* Begin XCBuildConfiguration section */
		E23CCEE920D0BBED0021AB37 /* Debug */ = {
			isa = XCBuildConfiguration;
			buildSettings = {
				ALWAYS_SEARCH_USER_PATHS = NO;
				CLANG_ANALYZER_NONNULL = YES;
				CLANG_ANALYZER_NUMBER_OBJECT_CONVERSION = YES_AGGRESSIVE;
				CLANG_CXX_LANGUAGE_STANDARD = "gnu++14";
				CLANG_CXX_LIBRARY = "libc++";
				CLANG_ENABLE_MODULES = YES;
				CLANG_ENABLE_OBJC_ARC = YES;
				CLANG_ENABLE_OBJC_WEAK = YES;
				CLANG_WARN_BLOCK_CAPTURE_AUTORELEASING = YES;
				CLANG_WARN_BOOL_CONVERSION = YES;
				CLANG_WARN_COMMA = YES;
				CLANG_WARN_CONSTANT_CONVERSION = YES;
				CLANG_WARN_DEPRECATED_OBJC_IMPLEMENTATIONS = YES;
				CLANG_WARN_DIRECT_OBJC_ISA_USAGE = YES_ERROR;
				CLANG_WARN_DOCUMENTATION_COMMENTS = YES;
				CLANG_WARN_EMPTY_BODY = YES;
				CLANG_WARN_ENUM_CONVERSION = YES;
				CLANG_WARN_INFINITE_RECURSION = YES;
				CLANG_WARN_INT_CONVERSION = YES;
				CLANG_WARN_NON_LITERAL_NULL_CONVERSION = YES;
				CLANG_WARN_OBJC_IMPLICIT_RETAIN_SELF = YES;
				CLANG_WARN_OBJC_LITERAL_CONVERSION = YES;
				CLANG_WARN_OBJC_ROOT_CLASS = YES_ERROR;
				CLANG_WARN_RANGE_LOOP_ANALYSIS = YES;
				CLANG_WARN_STRICT_PROTOTYPES = YES;
				CLANG_WARN_SUSPICIOUS_MOVE = YES;
				CLANG_WARN_UNGUARDED_AVAILABILITY = YES_AGGRESSIVE;
				CLANG_WARN_UNREACHABLE_CODE = YES;
				CLANG_WARN__DUPLICATE_METHOD_MATCH = YES;
				CODE_SIGN_IDENTITY = "Mac Developer";
				COPY_PHASE_STRIP = NO;
				DEBUG_INFORMATION_FORMAT = dwarf;
				ENABLE_STRICT_OBJC_MSGSEND = YES;
				ENABLE_TESTABILITY = YES;
				GCC_C_LANGUAGE_STANDARD = gnu11;
				GCC_DYNAMIC_NO_PIC = NO;
				GCC_NO_COMMON_BLOCKS = YES;
				GCC_OPTIMIZATION_LEVEL = 0;
				GCC_PREPROCESSOR_DEFINITIONS = (
					"DEBUG=1",
					"$(inherited)",
				);
				GCC_WARN_64_TO_32_BIT_CONVERSION = YES;
				GCC_WARN_ABOUT_RETURN_TYPE = YES_ERROR;
				GCC_WARN_UNDECLARED_SELECTOR = YES;
				GCC_WARN_UNINITIALIZED_AUTOS = YES_AGGRESSIVE;
				GCC_WARN_UNUSED_FUNCTION = YES;
				GCC_WARN_UNUSED_VARIABLE = YES;
				MACOSX_DEPLOYMENT_TARGET = 10.13;
				MTL_ENABLE_DEBUG_INFO = YES;
				ONLY_ACTIVE_ARCH = YES;
				SDKROOT = macosx;
			};
			name = Debug;
		};
		E23CCEEA20D0BBED0021AB37 /* Release */ = {
			isa = XCBuildConfiguration;
			buildSettings = {
				ALWAYS_SEARCH_USER_PATHS = NO;
				CLANG_ANALYZER_NONNULL = YES;
				CLANG_ANALYZER_NUMBER_OBJECT_CONVERSION = YES_AGGRESSIVE;
				CLANG_CXX_LANGUAGE_STANDARD = "gnu++14";
				CLANG_CXX_LIBRARY = "libc++";
				CLANG_ENABLE_MODULES = YES;
				CLANG_ENABLE_OBJC_ARC = YES;
				CLANG_ENABLE_OBJC_WEAK = YES;
				CLANG_WARN_BLOCK_CAPTURE_AUTORELEASING = YES;
				CLANG_WARN_BOOL_CONVERSION = YES;
				CLANG_WARN_COMMA = YES;
				CLANG_WARN_CONSTANT_CONVERSION = YES;
				CLANG_WARN_DEPRECATED_OBJC_IMPLEMENTATIONS = YES;
				CLANG_WARN_DIRECT_OBJC_ISA_USAGE = YES_ERROR;
				CLANG_WARN_DOCUMENTATION_COMMENTS = YES;
				CLANG_WARN_EMPTY_BODY = YES;
				CLANG_WARN_ENUM_CONVERSION = YES;
				CLANG_WARN_INFINITE_RECURSION = YES;
				CLANG_WARN_INT_CONVERSION = YES;
				CLANG_WARN_NON_LITERAL_NULL_CONVERSION = YES;
				CLANG_WARN_OBJC_IMPLICIT_RETAIN_SELF = YES;
				CLANG_WARN_OBJC_LITERAL_CONVERSION = YES;
				CLANG_WARN_OBJC_ROOT_CLASS = YES_ERROR;
				CLANG_WARN_RANGE_LOOP_ANALYSIS = YES;
				CLANG_WARN_STRICT_PROTOTYPES = YES;
				CLANG_WARN_SUSPICIOUS_MOVE = YES;
				CLANG_WARN_UNGUARDED_AVAILABILITY = YES_AGGRESSIVE;
				CLANG_WARN_UNREACHABLE_CODE = YES;
				CLANG_WARN__DUPLICATE_METHOD_MATCH = YES;
				CODE_SIGN_IDENTITY = "Mac Developer";
				COPY_PHASE_STRIP = NO;
				DEBUG_INFORMATION_FORMAT = "dwarf-with-dsym";
				ENABLE_NS_ASSERTIONS = NO;
				ENABLE_STRICT_OBJC_MSGSEND = YES;
				GCC_C_LANGUAGE_STANDARD = gnu11;
				GCC_NO_COMMON_BLOCKS = YES;
				GCC_WARN_64_TO_32_BIT_CONVERSION = YES;
				GCC_WARN_ABOUT_RETURN_TYPE = YES_ERROR;
				GCC_WARN_UNDECLARED_SELECTOR = YES;
				GCC_WARN_UNINITIALIZED_AUTOS = YES_AGGRESSIVE;
				GCC_WARN_UNUSED_FUNCTION = YES;
				GCC_WARN_UNUSED_VARIABLE = YES;
				MACOSX_DEPLOYMENT_TARGET = 10.13;
				MTL_ENABLE_DEBUG_INFO = NO;
				SDKROOT = macosx;
			};
			name = Release;
		};
		E23CCEEC20D0BBED0021AB37 /* Debug */ = {
			isa = XCBuildConfiguration;
			baseConfigurationReference = 8F1F7ECFB251DCE010D370E6 /* Pods-AFNetworkingTest.debug.xcconfig */;
			buildSettings = {
				ASSETCATALOG_COMPILER_APPICON_NAME = AppIcon;
				CODE_SIGN_ENTITLEMENTS = AFNetworkingTest/AFNetworkingTest.entitlements;
				CODE_SIGN_STYLE = Automatic;
				COMBINE_HIDPI_IMAGES = YES;
				DEVELOPMENT_TEAM = 8LP5KW6GHL;
				INFOPLIST_FILE = AFNetworkingTest/Info.plist;
				LD_RUNPATH_SEARCH_PATHS = (
					"$(inherited)",
					"@executable_path/../Frameworks",
				);
				PRODUCT_BUNDLE_IDENTIFIER = zhangwu.tech.AFNetworkingTest;
				PRODUCT_NAME = "$(TARGET_NAME)";
			};
			name = Debug;
		};
		E23CCEED20D0BBED0021AB37 /* Release */ = {
			isa = XCBuildConfiguration;
			baseConfigurationReference = B09518FE25B542F94F0BBE7C /* Pods-AFNetworkingTest.release.xcconfig */;
			buildSettings = {
				ASSETCATALOG_COMPILER_APPICON_NAME = AppIcon;
				CODE_SIGN_ENTITLEMENTS = AFNetworkingTest/AFNetworkingTest.entitlements;
				CODE_SIGN_STYLE = Automatic;
				COMBINE_HIDPI_IMAGES = YES;
				DEVELOPMENT_TEAM = 8LP5KW6GHL;
				INFOPLIST_FILE = AFNetworkingTest/Info.plist;
				LD_RUNPATH_SEARCH_PATHS = (
					"$(inherited)",
					"@executable_path/../Frameworks",
				);
				PRODUCT_BUNDLE_IDENTIFIER = zhangwu.tech.AFNetworkingTest;
				PRODUCT_NAME = "$(TARGET_NAME)";
			};
			name = Release;
		};
/* End XCBuildConfiguration section */

/* Begin XCConfigurationList section */
		E23CCED220D0BBEB0021AB37 /* Build configuration list for PBXProject "AFNetworkingTest" */ = {
			isa = XCConfigurationList;
			buildConfigurations = (
				E23CCEE920D0BBED0021AB37 /* Debug */,
				E23CCEEA20D0BBED0021AB37 /* Release */,
			);
			defaultConfigurationIsVisible = 0;
			defaultConfigurationName = Release;
		};
		E23CCEEB20D0BBED0021AB37 /* Build configuration list for PBXNativeTarget "AFNetworkingTest" */ = {
			isa = XCConfigurationList;
			buildConfigurations = (
				E23CCEEC20D0BBED0021AB37 /* Debug */,
				E23CCEED20D0BBED0021AB37 /* Release */,
			);
			defaultConfigurationIsVisible = 0;
			defaultConfigurationName = Release;
		};
/* End XCConfigurationList section */
	};
	rootObject = E23CCECF20D0BBEB0021AB37 /* Project object */;
}
